
Microsoft Visual Studio Solution File, Format Version 12.00
Project("{2150E333-8FDC-42A3-9474-1A3956D46DE8}") = "Solution Items", "Solution Items", "{8DE5D7AD-DFC4-4909-9FE0-02B027E8F9CB}"
	ProjectSection(SolutionItems) = preProject
		compose.yaml = compose.yaml
	EndProjectSection
EndProject
Project("{2150E333-8FDC-42A3-9474-1A3956D46DE8}") = "Core", "Core", "{92201772-9C5B-41B7-ABEB-A6692E90E835}"
EndProject
Project("{2150E333-8FDC-42A3-9474-1A3956D46DE8}") = "Infrastructure", "Infrastructure", "{E448F0D8-84AC-480F-AE8E-E49162522F2A}"
EndProject
Project("{2150E333-8FDC-42A3-9474-1A3956D46DE8}") = "Presentation", "Presentation", "{77883D91-855E-447B-BC2D-3CEA47E4D7E3}"
EndProject
Project("{2150E333-8FDC-42A3-9474-1A3956D46DE8}") = "Contracts", "Contracts", "{1870BC33-A001-4D41-99F7-D3ECAD24B894}"
EndProject
Project("{2150E333-8FDC-42A3-9474-1A3956D46DE8}") = "Tests", "Tests", "{9C4A304B-12D3-4D29-BC29-0E1AD6543286}"
EndProject
Project("{FAE04EC0-301F-11D3-BF4B-00C04F79EFBC}") = "Texts.Domain", "Texts.Domain\Texts.Domain.csproj", "{C19DCA8E-75A7-4839-90C7-C81B699FD37B}"
EndProject
Project("{FAE04EC0-301F-11D3-BF4B-00C04F79EFBC}") = "Texts.Application", "Texts.Application\Texts.Application.csproj", "{5EE7D3C6-6302-41B7-A264-3FD0CC4E9406}"
EndProject
Project("{FAE04EC0-301F-11D3-BF4B-00C04F79EFBC}") = "Texts.Infrastructure", "Texts.Infrastructure\Texts.Infrastructure.csproj", "{99BCE59E-6DFE-4A27-B868-5695A0830B43}"
EndProject
Project("{FAE04EC0-301F-11D3-BF4B-00C04F79EFBC}") = "Texts.Api", "Texts.Api\Texts.Api.csproj", "{448EEF8A-1A9E-4D23-9352-4660B13BBA47}"
EndProject
Project("{FAE04EC0-301F-11D3-BF4B-00C04F79EFBC}") = "Texts.Contracts", "Texts.Contracts\Texts.Contracts.csproj", "{D2F55231-AC8A-4E2B-8C3B-A0E6F0FB12AF}"
EndProject
Project("{FAE04EC0-301F-11D3-BF4B-00C04F79EFBC}") = "Texts.Application.Tests", "Texts.Application.Tests\Texts.Application.Tests.csproj", "{ADAF0A5A-F321-4794-9E9B-E3CDEB5D8AB8}"
EndProject
Project("{FAE04EC0-301F-11D3-BF4B-00C04F79EFBC}") = "Texts.Domain.Tests", "Texts.Domain.Tests\Texts.Domain.Tests.csproj", "{E8612CC8-D0C3-4D49-BF9A-6BB6D0D5A373}"
EndProject
Project("{FAE04EC0-301F-11D3-BF4B-00C04F79EFBC}") = "Texts.Integration.Tests", "Tests\Texts.Integration.Tests\Texts.Integration.Tests.csproj", "{8D00486B-49F5-4A40-9FFB-26BD4BA0FF81}"
EndProject
Global
	GlobalSection(SolutionConfigurationPlatforms) = preSolution
		Debug|Any CPU = Debug|Any CPU
		Debug|x64 = Debug|x64
		Debug|x86 = Debug|x86
		Release|Any CPU = Release|Any CPU
		Release|x64 = Release|x64
		Release|x86 = Release|x86
	EndGlobalSection
	GlobalSection(ProjectConfigurationPlatforms) = postSolution
		{C19DCA8E-75A7-4839-90C7-C81B699FD37B}.Debug|Any CPU.ActiveCfg = Debug|Any CPU
		{C19DCA8E-75A7-4839-90C7-C81B699FD37B}.Debug|Any CPU.Build.0 = Debug|Any CPU
		{C19DCA8E-75A7-4839-90C7-C81B699FD37B}.Debug|x64.ActiveCfg = Debug|Any CPU
		{C19DCA8E-75A7-4839-90C7-C81B699FD37B}.Debug|x64.Build.0 = Debug|Any CPU
		{C19DCA8E-75A7-4839-90C7-C81B699FD37B}.Debug|x86.ActiveCfg = Debug|Any CPU
		{C19DCA8E-75A7-4839-90C7-C81B699FD37B}.Debug|x86.Build.0 = Debug|Any CPU
		{C19DCA8E-75A7-4839-90C7-C81B699FD37B}.Release|Any CPU.ActiveCfg = Release|Any CPU
		{C19DCA8E-75A7-4839-90C7-C81B699FD37B}.Release|Any CPU.Build.0 = Release|Any CPU
		{C19DCA8E-75A7-4839-90C7-C81B699FD37B}.Release|x64.ActiveCfg = Release|Any CPU
		{C19DCA8E-75A7-4839-90C7-C81B699FD37B}.Release|x64.Build.0 = Release|Any CPU
		{C19DCA8E-75A7-4839-90C7-C81B699FD37B}.Release|x86.ActiveCfg = Release|Any CPU
		{C19DCA8E-75A7-4839-90C7-C81B699FD37B}.Release|x86.Build.0 = Release|Any CPU
		{5EE7D3C6-6302-41B7-A264-3FD0CC4E9406}.Debug|Any CPU.ActiveCfg = Debug|Any CPU
		{5EE7D3C6-6302-41B7-A264-3FD0CC4E9406}.Debug|Any CPU.Build.0 = Debug|Any CPU
		{5EE7D3C6-6302-41B7-A264-3FD0CC4E9406}.Debug|x64.ActiveCfg = Debug|Any CPU
		{5EE7D3C6-6302-41B7-A264-3FD0CC4E9406}.Debug|x64.Build.0 = Debug|Any CPU
		{5EE7D3C6-6302-41B7-A264-3FD0CC4E9406}.Debug|x86.ActiveCfg = Debug|Any CPU
		{5EE7D3C6-6302-41B7-A264-3FD0CC4E9406}.Debug|x86.Build.0 = Debug|Any CPU
		{5EE7D3C6-6302-41B7-A264-3FD0CC4E9406}.Release|Any CPU.ActiveCfg = Release|Any CPU
		{5EE7D3C6-6302-41B7-A264-3FD0CC4E9406}.Release|Any CPU.Build.0 = Release|Any CPU
		{5EE7D3C6-6302-41B7-A264-3FD0CC4E9406}.Release|x64.ActiveCfg = Release|Any CPU
		{5EE7D3C6-6302-41B7-A264-3FD0CC4E9406}.Release|x64.Build.0 = Release|Any CPU
		{5EE7D3C6-6302-41B7-A264-3FD0CC4E9406}.Release|x86.ActiveCfg = Release|Any CPU
		{5EE7D3C6-6302-41B7-A264-3FD0CC4E9406}.Release|x86.Build.0 = Release|Any CPU
		{99BCE59E-6DFE-4A27-B868-5695A0830B43}.Debug|Any CPU.ActiveCfg = Debug|Any CPU
		{99BCE59E-6DFE-4A27-B868-5695A0830B43}.Debug|Any CPU.Build.0 = Debug|Any CPU
		{99BCE59E-6DFE-4A27-B868-5695A0830B43}.Debug|x64.ActiveCfg = Debug|Any CPU
		{99BCE59E-6DFE-4A27-B868-5695A0830B43}.Debug|x64.Build.0 = Debug|Any CPU
		{99BCE59E-6DFE-4A27-B868-5695A0830B43}.Debug|x86.ActiveCfg = Debug|Any CPU
		{99BCE59E-6DFE-4A27-B868-5695A0830B43}.Debug|x86.Build.0 = Debug|Any CPU
		{99BCE59E-6DFE-4A27-B868-5695A0830B43}.Release|Any CPU.ActiveCfg = Release|Any CPU
		{99BCE59E-6DFE-4A27-B868-5695A0830B43}.Release|Any CPU.Build.0 = Release|Any CPU
		{99BCE59E-6DFE-4A27-B868-5695A0830B43}.Release|x64.ActiveCfg = Release|Any CPU
		{99BCE59E-6DFE-4A27-B868-5695A0830B43}.Release|x64.Build.0 = Release|Any CPU
		{99BCE59E-6DFE-4A27-B868-5695A0830B43}.Release|x86.ActiveCfg = Release|Any CPU
		{99BCE59E-6DFE-4A27-B868-5695A0830B43}.Release|x86.Build.0 = Release|Any CPU
		{448EEF8A-1A9E-4D23-9352-4660B13BBA47}.Debug|Any CPU.ActiveCfg = Debug|Any CPU
		{448EEF8A-1A9E-4D23-9352-4660B13BBA47}.Debug|Any CPU.Build.0 = Debug|Any CPU
		{448EEF8A-1A9E-4D23-9352-4660B13BBA47}.Debug|x64.ActiveCfg = Debug|Any CPU
		{448EEF8A-1A9E-4D23-9352-4660B13BBA47}.Debug|x64.Build.0 = Debug|Any CPU
		{448EEF8A-1A9E-4D23-9352-4660B13BBA47}.Debug|x86.ActiveCfg = Debug|Any CPU
		{448EEF8A-1A9E-4D23-9352-4660B13BBA47}.Debug|x86.Build.0 = Debug|Any CPU
		{448EEF8A-1A9E-4D23-9352-4660B13BBA47}.Release|Any CPU.ActiveCfg = Release|Any CPU
		{448EEF8A-1A9E-4D23-9352-4660B13BBA47}.Release|Any CPU.Build.0 = Release|Any CPU
		{448EEF8A-1A9E-4D23-9352-4660B13BBA47}.Release|x64.ActiveCfg = Release|Any CPU
		{448EEF8A-1A9E-4D23-9352-4660B13BBA47}.Release|x64.Build.0 = Release|Any CPU
		{448EEF8A-1A9E-4D23-9352-4660B13BBA47}.Release|x86.ActiveCfg = Release|Any CPU
		{448EEF8A-1A9E-4D23-9352-4660B13BBA47}.Release|x86.Build.0 = Release|Any CPU
		{D2F55231-AC8A-4E2B-8C3B-A0E6F0FB12AF}.Debug|Any CPU.ActiveCfg = Debug|Any CPU
		{D2F55231-AC8A-4E2B-8C3B-A0E6F0FB12AF}.Debug|Any CPU.Build.0 = Debug|Any CPU
		{D2F55231-AC8A-4E2B-8C3B-A0E6F0FB12AF}.Debug|x64.ActiveCfg = Debug|Any CPU
		{D2F55231-AC8A-4E2B-8C3B-A0E6F0FB12AF}.Debug|x64.Build.0 = Debug|Any CPU
		{D2F55231-AC8A-4E2B-8C3B-A0E6F0FB12AF}.Debug|x86.ActiveCfg = Debug|Any CPU
		{D2F55231-AC8A-4E2B-8C3B-A0E6F0FB12AF}.Debug|x86.Build.0 = Debug|Any CPU
		{D2F55231-AC8A-4E2B-8C3B-A0E6F0FB12AF}.Release|Any CPU.ActiveCfg = Release|Any CPU
		{D2F55231-AC8A-4E2B-8C3B-A0E6F0FB12AF}.Release|Any CPU.Build.0 = Release|Any CPU
		{D2F55231-AC8A-4E2B-8C3B-A0E6F0FB12AF}.Release|x64.ActiveCfg = Release|Any CPU
		{D2F55231-AC8A-4E2B-8C3B-A0E6F0FB12AF}.Release|x64.Build.0 = Release|Any CPU
		{D2F55231-AC8A-4E2B-8C3B-A0E6F0FB12AF}.Release|x86.ActiveCfg = Release|Any CPU
		{D2F55231-AC8A-4E2B-8C3B-A0E6F0FB12AF}.Release|x86.Build.0 = Release|Any CPU
		{ADAF0A5A-F321-4794-9E9B-E3CDEB5D8AB8}.Debug|Any CPU.ActiveCfg = Debug|Any CPU
		{ADAF0A5A-F321-4794-9E9B-E3CDEB5D8AB8}.Debug|Any CPU.Build.0 = Debug|Any CPU
		{ADAF0A5A-F321-4794-9E9B-E3CDEB5D8AB8}.Debug|x64.ActiveCfg = Debug|Any CPU
		{ADAF0A5A-F321-4794-9E9B-E3CDEB5D8AB8}.Debug|x64.Build.0 = Debug|Any CPU
		{ADAF0A5A-F321-4794-9E9B-E3CDEB5D8AB8}.Debug|x86.ActiveCfg = Debug|Any CPU
		{ADAF0A5A-F321-4794-9E9B-E3CDEB5D8AB8}.Debug|x86.Build.0 = Debug|Any CPU
		{ADAF0A5A-F321-4794-9E9B-E3CDEB5D8AB8}.Release|Any CPU.ActiveCfg = Release|Any CPU
		{ADAF0A5A-F321-4794-9E9B-E3CDEB5D8AB8}.Release|Any CPU.Build.0 = Release|Any CPU
		{ADAF0A5A-F321-4794-9E9B-E3CDEB5D8AB8}.Release|x64.ActiveCfg = Release|Any CPU
		{ADAF0A5A-F321-4794-9E9B-E3CDEB5D8AB8}.Release|x64.Build.0 = Release|Any CPU
		{ADAF0A5A-F321-4794-9E9B-E3CDEB5D8AB8}.Release|x86.ActiveCfg = Release|Any CPU
		{ADAF0A5A-F321-4794-9E9B-E3CDEB5D8AB8}.Release|x86.Build.0 = Release|Any CPU
		{E8612CC8-D0C3-4D49-BF9A-6BB6D0D5A373}.Debug|Any CPU.ActiveCfg = Debug|Any CPU
		{E8612CC8-D0C3-4D49-BF9A-6BB6D0D5A373}.Debug|Any CPU.Build.0 = Debug|Any CPU
		{E8612CC8-D0C3-4D49-BF9A-6BB6D0D5A373}.Debug|x64.ActiveCfg = Debug|Any CPU
		{E8612CC8-D0C3-4D49-BF9A-6BB6D0D5A373}.Debug|x64.Build.0 = Debug|Any CPU
		{E8612CC8-D0C3-4D49-BF9A-6BB6D0D5A373}.Debug|x86.ActiveCfg = Debug|Any CPU
		{E8612CC8-D0C3-4D49-BF9A-6BB6D0D5A373}.Debug|x86.Build.0 = Debug|Any CPU
		{E8612CC8-D0C3-4D49-BF9A-6BB6D0D5A373}.Release|Any CPU.ActiveCfg = Release|Any CPU
		{E8612CC8-D0C3-4D49-BF9A-6BB6D0D5A373}.Release|Any CPU.Build.0 = Release|Any CPU
		{E8612CC8-D0C3-4D49-BF9A-6BB6D0D5A373}.Release|x64.ActiveCfg = Release|Any CPU
		{E8612CC8-D0C3-4D49-BF9A-6BB6D0D5A373}.Release|x64.Build.0 = Release|Any CPU
		{E8612CC8-D0C3-4D49-BF9A-6BB6D0D5A373}.Release|x86.ActiveCfg = Release|Any CPU
		{E8612CC8-D0C3-4D49-BF9A-6BB6D0D5A373}.Release|x86.Build.0 = Release|Any CPU
		{8D00486B-49F5-4A40-9FFB-26BD4BA0FF81}.Debug|Any CPU.ActiveCfg = Debug|Any CPU
		{8D00486B-49F5-4A40-9FFB-26BD4BA0FF81}.Debug|Any CPU.Build.0 = Debug|Any CPU
		{8D00486B-49F5-4A40-9FFB-26BD4BA0FF81}.Debug|x64.ActiveCfg = Debug|Any CPU
		{8D00486B-49F5-4A40-9FFB-26BD4BA0FF81}.Debug|x64.Build.0 = Debug|Any CPU
		{8D00486B-49F5-4A40-9FFB-26BD4BA0FF81}.Debug|x86.ActiveCfg = Debug|Any CPU
		{8D00486B-49F5-4A40-9FFB-26BD4BA0FF81}.Debug|x86.Build.0 = Debug|Any CPU
		{8D00486B-49F5-4A40-9FFB-26BD4BA0FF81}.Release|Any CPU.ActiveCfg = Release|Any CPU
		{8D00486B-49F5-4A40-9FFB-26BD4BA0FF81}.Release|Any CPU.Build.0 = Release|Any CPU
		{8D00486B-49F5-4A40-9FFB-26BD4BA0FF81}.Release|x64.ActiveCfg = Release|Any CPU
		{8D00486B-49F5-4A40-9FFB-26BD4BA0FF81}.Release|x64.Build.0 = Release|Any CPU
		{8D00486B-49F5-4A40-9FFB-26BD4BA0FF81}.Release|x86.ActiveCfg = Release|Any CPU
		{8D00486B-49F5-4A40-9FFB-26BD4BA0FF81}.Release|x86.Build.0 = Release|Any CPU
	EndGlobalSection
	GlobalSection(SolutionProperties) = preSolution
		HideSolutionNode = FALSE
	EndGlobalSection
	GlobalSection(NestedProjects) = preSolution
		{C19DCA8E-75A7-4839-90C7-C81B699FD37B} = {92201772-9C5B-41B7-ABEB-A6692E90E835}
		{5EE7D3C6-6302-41B7-A264-3FD0CC4E9406} = {92201772-9C5B-41B7-ABEB-A6692E90E835}
		{99BCE59E-6DFE-4A27-B868-5695A0830B43} = {E448F0D8-84AC-480F-AE8E-E49162522F2A}
		{448EEF8A-1A9E-4D23-9352-4660B13BBA47} = {77883D91-855E-447B-BC2D-3CEA47E4D7E3}
		{D2F55231-AC8A-4E2B-8C3B-A0E6F0FB12AF} = {1870BC33-A001-4D41-99F7-D3ECAD24B894}
		{ADAF0A5A-F321-4794-9E9B-E3CDEB5D8AB8} = {9C4A304B-12D3-4D29-BC29-0E1AD6543286}
		{E8612CC8-D0C3-4D49-BF9A-6BB6D0D5A373} = {9C4A304B-12D3-4D29-BC29-0E1AD6543286}
		{8D00486B-49F5-4A40-9FFB-26BD4BA0FF81} = {9C4A304B-12D3-4D29-BC29-0E1AD6543286}
	EndGlobalSection
EndGlobal
